
Microsoft Visual Studio Solution File, Format Version 12.00
# Visual Studio 2015
Project("{FAE04EC0-301F-11D3-BF4B-00C04F79EFBC}") = "SpaceDisasterVR.CSharp.Plugins", "SpaceDisasterVR.CSharp.Plugins.csproj", "{18A8C663-7A2B-F074-0442-9D294FC13942}"
EndProject
Project("{FAE04EC0-301F-11D3-BF4B-00C04F79EFBC}") = "SpaceDisasterVR.CSharp", "SpaceDisasterVR.CSharp.csproj", "{35769578-EED6-928D-6F3B-B25F0B1DCEF5}"
EndProject
Project("{FAE04EC0-301F-11D3-BF4B-00C04F79EFBC}") = "SpaceDisasterVR.CSharp.Editor", "SpaceDisasterVR.CSharp.Editor.csproj", "{70E22FB8-0805-E825-7B49-FC477CAA8C9F}"
EndProject
Global
	GlobalSection(SolutionConfigurationPlatforms) = preSolution
		Debug|Any CPU = Debug|Any CPU
		Release|Any CPU = Release|Any CPU
	EndGlobalSection
	GlobalSection(ProjectConfigurationPlatforms) = postSolution
		{18A8C663-7A2B-F074-0442-9D294FC13942}.Debug|Any CPU.ActiveCfg = Debug|Any CPU
		{18A8C663-7A2B-F074-0442-9D294FC13942}.Debug|Any CPU.Build.0 = Debug|Any CPU
		{18A8C663-7A2B-F074-0442-9D294FC13942}.Release|Any CPU.ActiveCfg = Release|Any CPU
		{18A8C663-7A2B-F074-0442-9D294FC13942}.Release|Any CPU.Build.0 = Release|Any CPU
		{35769578-EED6-928D-6F3B-B25F0B1DCEF5}.Debug|Any CPU.ActiveCfg = Debug|Any CPU
		{35769578-EED6-928D-6F3B-B25F0B1DCEF5}.Debug|Any CPU.Build.0 = Debug|Any CPU
		{35769578-EED6-928D-6F3B-B25F0B1DCEF5}.Release|Any CPU.ActiveCfg = Release|Any CPU
		{35769578-EED6-928D-6F3B-B25F0B1DCEF5}.Release|Any CPU.Build.0 = Release|Any CPU
		{70E22FB8-0805-E825-7B49-FC477CAA8C9F}.Debug|Any CPU.ActiveCfg = Debug|Any CPU
		{70E22FB8-0805-E825-7B49-FC477CAA8C9F}.Debug|Any CPU.Build.0 = Debug|Any CPU
		{70E22FB8-0805-E825-7B49-FC477CAA8C9F}.Release|Any CPU.ActiveCfg = Release|Any CPU
		{70E22FB8-0805-E825-7B49-FC477CAA8C9F}.Release|Any CPU.Build.0 = Release|Any CPU
	EndGlobalSection
	GlobalSection(SolutionProperties) = preSolution
		HideSolutionNode = FALSE
	EndGlobalSection
EndGlobal
